
Microsoft Visual Studio Solution File, Format Version 12.00
# Visual Studio Version 16
VisualStudioVersion = 16.0.29209.152
MinimumVisualStudioVersion = 10.0.40219.1
Project("{FAE04EC0-301F-11D3-BF4B-00C04F79EFBC}") = "Queue-Algorithm-Practice", "Queue-Algorithm-Practice\Queue-Algorithm-Practice.csproj", "{B4FF77ED-76DE-4D52-8B38-0CD3D4EF7396}"
EndProject
Global
	GlobalSection(SolutionConfigurationPlatforms) = preSolution
		Debug|Any CPU = Debug|Any CPU
		Release|Any CPU = Release|Any CPU
	EndGlobalSection
	GlobalSection(ProjectConfigurationPlatforms) = postSolution
		{B4FF77ED-76DE-4D52-8B38-0CD3D4EF7396}.Debug|Any CPU.ActiveCfg = Debug|Any CPU
		{B4FF77ED-76DE-4D52-8B38-0CD3D4EF7396}.Debug|Any CPU.Build.0 = Debug|Any CPU
		{B4FF77ED-76DE-4D52-8B38-0CD3D4EF7396}.Release|Any CPU.ActiveCfg = Release|Any CPU
		{B4FF77ED-76DE-4D52-8B38-0CD3D4EF7396}.Release|Any CPU.Build.0 = Release|Any CPU
	EndGlobalSection
	GlobalSection(SolutionProperties) = preSolution
		HideSolutionNode = FALSE
	EndGlobalSection
	GlobalSection(ExtensibilityGlobals) = postSolution
		SolutionGuid = {76AADCC1-2C6E-4453-8EFC-31B53698D398}
	EndGlobalSection
EndGlobal
